
Microsoft Visual Studio Solution File, Format Version 12.00
# Visual Studio Version 17
VisualStudioVersion = 17.3.32819.101
MinimumVisualStudioVersion = 10.0.40219.1
Project("{FAE04EC0-301F-11D3-BF4B-00C04F79EFBC}") = "Backend", "Backend\Backend.csproj", "{977A801F-4587-423C-A921-1B71D1F004B8}"
EndProject
Global
	GlobalSection(SolutionConfigurationPlatforms) = preSolution
		Debug|Any CPU = Debug|Any CPU
		Release|Any CPU = Release|Any CPU
	EndGlobalSection
	GlobalSection(ProjectConfigurationPlatforms) = postSolution
		{977A801F-4587-423C-A921-1B71D1F004B8}.Debug|Any CPU.ActiveCfg = Debug|Any CPU
		{977A801F-4587-423C-A921-1B71D1F004B8}.Debug|Any CPU.Build.0 = Debug|Any CPU
		{977A801F-4587-423C-A921-1B71D1F004B8}.Release|Any CPU.ActiveCfg = Release|Any CPU
		{977A801F-4587-423C-A921-1B71D1F004B8}.Release|Any CPU.Build.0 = Release|Any CPU
	EndGlobalSection
	GlobalSection(SolutionProperties) = preSolution
		HideSolutionNode = FALSE
	EndGlobalSection
	GlobalSection(ExtensibilityGlobals) = postSolution
		SolutionGuid = {E4735910-2D47-4661-B557-0342DEB26BED}
	EndGlobalSection
EndGlobal
